// !$*UTF8*$!
{
	archiveVersion = 1;
	classes = {
	};
	objectVersion = 55;
	objects = {

/* Begin PBXBuildFile section */
		965A847828DC9F7E001AA1EF /* AppDelegate.swift in Sources */ = {isa = PBXBuildFile; fileRef = 965A847728DC9F7E001AA1EF /* AppDelegate.swift */; };
		965A847A28DC9F7E001AA1EF /* SceneDelegate.swift in Sources */ = {isa = PBXBuildFile; fileRef = 965A847928DC9F7E001AA1EF /* SceneDelegate.swift */; };
		965A847C28DC9F7E001AA1EF /* ViewController.swift in Sources */ = {isa = PBXBuildFile; fileRef = 965A847B28DC9F7E001AA1EF /* ViewController.swift */; };
		965A848128DC9F7F001AA1EF /* Assets.xcassets in Resources */ = {isa = PBXBuildFile; fileRef = 965A848028DC9F7F001AA1EF /* Assets.xcassets */; };
		965A848428DC9F7F001AA1EF /* LaunchScreen.storyboard in Resources */ = {isa = PBXBuildFile; fileRef = 965A848228DC9F7F001AA1EF /* LaunchScreen.storyboard */; };
		968506FA28DD8BD000387334 /* ProfileView.swift in Sources */ = {isa = PBXBuildFile; fileRef = 968506F928DD8BD000387334 /* ProfileView.swift */; };
		968506FD28DD8D5B00387334 /* ProfileImageView.swift in Sources */ = {isa = PBXBuildFile; fileRef = 968506FC28DD8D5B00387334 /* ProfileImageView.swift */; };
		9685070028DD8FA300387334 /* UILabel-ext.swift in Sources */ = {isa = PBXBuildFile; fileRef = 968506FF28DD8FA300387334 /* UILabel-ext.swift */; };
		9685070328DD922D00387334 /* SnapKit in Frameworks */ = {isa = PBXBuildFile; productRef = 9685070228DD922D00387334 /* SnapKit */; };
		9685070528DD981F00387334 /* UIButton-ext.swift in Sources */ = {isa = PBXBuildFile; fileRef = 9685070428DD981F00387334 /* UIButton-ext.swift */; };
		9685070B28DD9A3000387334 /* NanumGothic-ExtraBold.ttf in Resources */ = {isa = PBXBuildFile; fileRef = 9685070828DD9A3000387334 /* NanumGothic-ExtraBold.ttf */; };
		9685070C28DD9A3000387334 /* NanumGothic-Regular.ttf in Resources */ = {isa = PBXBuildFile; fileRef = 9685070928DD9A3000387334 /* NanumGothic-Regular.ttf */; };
		9685070D28DD9A3000387334 /* NanumGothic-Bold.ttf in Resources */ = {isa = PBXBuildFile; fileRef = 9685070A28DD9A3000387334 /* NanumGothic-Bold.ttf */; };
		9685071128DD9EAE00387334 /* SeparatorLine.swift in Sources */ = {isa = PBXBuildFile; fileRef = 9685071028DD9EAE00387334 /* SeparatorLine.swift */; };
		9685071328DD9FAB00387334 /* AverageStarRatingView.swift in Sources */ = {isa = PBXBuildFile; fileRef = 9685071228DD9FAB00387334 /* AverageStarRatingView.swift */; };
		9685071528DDA55B00387334 /* ReviewCell.swift in Sources */ = {isa = PBXBuildFile; fileRef = 9685071428DDA55A00387334 /* ReviewCell.swift */; };
		9685071728DDAD8100387334 /* UICollectionViewCell-ext.swift in Sources */ = {isa = PBXBuildFile; fileRef = 9685071628DDAD8100387334 /* UICollectionViewCell-ext.swift */; };
		9685071928DDC20E00387334 /* ReviewCollectionViewHeader.swift in Sources */ = {isa = PBXBuildFile; fileRef = 9685071828DDC20E00387334 /* ReviewCollectionViewHeader.swift */; };
		9685071B28DDC42300387334 /* UIColor-ext.swift in Sources */ = {isa = PBXBuildFile; fileRef = 9685071A28DDC42300387334 /* UIColor-ext.swift */; };
		9685071D28DDCA7D00387334 /* UIImage-ext.swift in Sources */ = {isa = PBXBuildFile; fileRef = 9685071C28DDCA7D00387334 /* UIImage-ext.swift */; };
		9685072028DDCC7C00387334 /* ReviewCellTitleView.swift in Sources */ = {isa = PBXBuildFile; fileRef = 9685071F28DDCC7C00387334 /* ReviewCellTitleView.swift */; };
		9685072228DDD59600387334 /* ProfileCell.swift in Sources */ = {isa = PBXBuildFile; fileRef = 9685072128DDD59600387334 /* ProfileCell.swift */; };
		9685072728DE0B6E00387334 /* HBDActionView.swift in Sources */ = {isa = PBXBuildFile; fileRef = 9685072628DE0B6E00387334 /* HBDActionView.swift */; };
		9685072B28DF1C6800387334 /* Int-ext.swift in Sources */ = {isa = PBXBuildFile; fileRef = 9685072A28DF1C6800387334 /* Int-ext.swift */; };
		9685072E28DF1CF100387334 /* ProfileModel.swift in Sources */ = {isa = PBXBuildFile; fileRef = 9685072D28DF1CF100387334 /* ProfileModel.swift */; };
		9685073028E073A300387334 /* ReviewModel.swift in Sources */ = {isa = PBXBuildFile; fileRef = 9685072F28E073A300387334 /* ReviewModel.swift */; };
/* End PBXBuildFile section */

/* Begin PBXFileReference section */
		965A847428DC9F7E001AA1EF /* ReviewList.app */ = {isa = PBXFileReference; explicitFileType = wrapper.application; includeInIndex = 0; path = ReviewList.app; sourceTree = BUILT_PRODUCTS_DIR; };
		965A847728DC9F7E001AA1EF /* AppDelegate.swift */ = {isa = PBXFileReference; lastKnownFileType = sourcecode.swift; path = AppDelegate.swift; sourceTree = "<group>"; };
		965A847928DC9F7E001AA1EF /* SceneDelegate.swift */ = {isa = PBXFileReference; lastKnownFileType = sourcecode.swift; path = SceneDelegate.swift; sourceTree = "<group>"; };
		965A847B28DC9F7E001AA1EF /* ViewController.swift */ = {isa = PBXFileReference; lastKnownFileType = sourcecode.swift; path = ViewController.swift; sourceTree = "<group>"; };
		965A848028DC9F7F001AA1EF /* Assets.xcassets */ = {isa = PBXFileReference; lastKnownFileType = folder.assetcatalog; path = Assets.xcassets; sourceTree = "<group>"; };
		965A848328DC9F7F001AA1EF /* Base */ = {isa = PBXFileReference; lastKnownFileType = file.storyboard; name = Base; path = Base.lproj/LaunchScreen.storyboard; sourceTree = "<group>"; };
		965A848528DC9F7F001AA1EF /* Info.plist */ = {isa = PBXFileReference; lastKnownFileType = text.plist.xml; path = Info.plist; sourceTree = "<group>"; };
		968506F928DD8BD000387334 /* ProfileView.swift */ = {isa = PBXFileReference; lastKnownFileType = sourcecode.swift; path = ProfileView.swift; sourceTree = "<group>"; };
		968506FC28DD8D5B00387334 /* ProfileImageView.swift */ = {isa = PBXFileReference; lastKnownFileType = sourcecode.swift; path = ProfileImageView.swift; sourceTree = "<group>"; };
		968506FF28DD8FA300387334 /* UILabel-ext.swift */ = {isa = PBXFileReference; lastKnownFileType = sourcecode.swift; path = "UILabel-ext.swift"; sourceTree = "<group>"; };
		9685070428DD981F00387334 /* UIButton-ext.swift */ = {isa = PBXFileReference; lastKnownFileType = sourcecode.swift; path = "UIButton-ext.swift"; sourceTree = "<group>"; };
		9685070828DD9A3000387334 /* NanumGothic-ExtraBold.ttf */ = {isa = PBXFileReference; lastKnownFileType = file; path = "NanumGothic-ExtraBold.ttf"; sourceTree = "<group>"; };
		9685070928DD9A3000387334 /* NanumGothic-Regular.ttf */ = {isa = PBXFileReference; lastKnownFileType = file; path = "NanumGothic-Regular.ttf"; sourceTree = "<group>"; };
		9685070A28DD9A3000387334 /* NanumGothic-Bold.ttf */ = {isa = PBXFileReference; lastKnownFileType = file; path = "NanumGothic-Bold.ttf"; sourceTree = "<group>"; };
		9685071028DD9EAE00387334 /* SeparatorLine.swift */ = {isa = PBXFileReference; lastKnownFileType = sourcecode.swift; path = SeparatorLine.swift; sourceTree = "<group>"; };
		9685071228DD9FAB00387334 /* AverageStarRatingView.swift */ = {isa = PBXFileReference; lastKnownFileType = sourcecode.swift; path = AverageStarRatingView.swift; sourceTree = "<group>"; };
		9685071428DDA55A00387334 /* ReviewCell.swift */ = {isa = PBXFileReference; lastKnownFileType = sourcecode.swift; path = ReviewCell.swift; sourceTree = "<group>"; };
		9685071628DDAD8100387334 /* UICollectionViewCell-ext.swift */ = {isa = PBXFileReference; lastKnownFileType = sourcecode.swift; path = "UICollectionViewCell-ext.swift"; sourceTree = "<group>"; };
		9685071828DDC20E00387334 /* ReviewCollectionViewHeader.swift */ = {isa = PBXFileReference; lastKnownFileType = sourcecode.swift; path = ReviewCollectionViewHeader.swift; sourceTree = "<group>"; };
		9685071A28DDC42300387334 /* UIColor-ext.swift */ = {isa = PBXFileReference; lastKnownFileType = sourcecode.swift; path = "UIColor-ext.swift"; sourceTree = "<group>"; };
		9685071C28DDCA7D00387334 /* UIImage-ext.swift */ = {isa = PBXFileReference; lastKnownFileType = sourcecode.swift; path = "UIImage-ext.swift"; sourceTree = "<group>"; };
		9685071F28DDCC7C00387334 /* ReviewCellTitleView.swift */ = {isa = PBXFileReference; lastKnownFileType = sourcecode.swift; path = ReviewCellTitleView.swift; sourceTree = "<group>"; };
		9685072128DDD59600387334 /* ProfileCell.swift */ = {isa = PBXFileReference; lastKnownFileType = sourcecode.swift; path = ProfileCell.swift; sourceTree = "<group>"; };
		9685072628DE0B6E00387334 /* HBDActionView.swift */ = {isa = PBXFileReference; lastKnownFileType = sourcecode.swift; path = HBDActionView.swift; sourceTree = "<group>"; };
		9685072A28DF1C6800387334 /* Int-ext.swift */ = {isa = PBXFileReference; lastKnownFileType = sourcecode.swift; path = "Int-ext.swift"; sourceTree = "<group>"; };
		9685072D28DF1CF100387334 /* ProfileModel.swift */ = {isa = PBXFileReference; lastKnownFileType = sourcecode.swift; path = ProfileModel.swift; sourceTree = "<group>"; };
		9685072F28E073A300387334 /* ReviewModel.swift */ = {isa = PBXFileReference; lastKnownFileType = sourcecode.swift; path = ReviewModel.swift; sourceTree = "<group>"; };
/* End PBXFileReference section */

/* Begin PBXFrameworksBuildPhase section */
		965A847128DC9F7E001AA1EF /* Frameworks */ = {
			isa = PBXFrameworksBuildPhase;
			buildActionMask = 2147483647;
			files = (
				9685070328DD922D00387334 /* SnapKit in Frameworks */,
			);
			runOnlyForDeploymentPostprocessing = 0;
		};
/* End PBXFrameworksBuildPhase section */

/* Begin PBXGroup section */
		965A846B28DC9F7E001AA1EF = {
			isa = PBXGroup;
			children = (
				965A847628DC9F7E001AA1EF /* ReviewList */,
				965A847528DC9F7E001AA1EF /* Products */,
			);
			sourceTree = "<group>";
		};
		965A847528DC9F7E001AA1EF /* Products */ = {
			isa = PBXGroup;
			children = (
				965A847428DC9F7E001AA1EF /* ReviewList.app */,
			);
			name = Products;
			sourceTree = "<group>";
		};
		965A847628DC9F7E001AA1EF /* ReviewList */ = {
			isa = PBXGroup;
			children = (
				965A847728DC9F7E001AA1EF /* AppDelegate.swift */,
				965A847928DC9F7E001AA1EF /* SceneDelegate.swift */,
				9685072C28DF1CE200387334 /* Model */,
				9685072928DF1B2900387334 /* ViewController */,
				9685071E28DDCC4000387334 /* CollectionViewReuseView */,
				968506FB28DD8C5700387334 /* Custom View */,
				968506FE28DD8F9000387334 /* Extension */,
				9685070E28DD9A3D00387334 /* CusomFont */,
				965A848028DC9F7F001AA1EF /* Assets.xcassets */,
				965A848228DC9F7F001AA1EF /* LaunchScreen.storyboard */,
				965A848528DC9F7F001AA1EF /* Info.plist */,
			);
			path = ReviewList;
			sourceTree = "<group>";
		};
		968506FB28DD8C5700387334 /* Custom View */ = {
			isa = PBXGroup;
			children = (
				9685071228DD9FAB00387334 /* AverageStarRatingView.swift */,
				9685071028DD9EAE00387334 /* SeparatorLine.swift */,
			);
			path = "Custom View";
			sourceTree = "<group>";
		};
		968506FE28DD8F9000387334 /* Extension */ = {
			isa = PBXGroup;
			children = (
				968506FF28DD8FA300387334 /* UILabel-ext.swift */,
				9685071A28DDC42300387334 /* UIColor-ext.swift */,
				9685071C28DDCA7D00387334 /* UIImage-ext.swift */,
				9685071628DDAD8100387334 /* UICollectionViewCell-ext.swift */,
				9685070428DD981F00387334 /* UIButton-ext.swift */,
				9685072A28DF1C6800387334 /* Int-ext.swift */,
			);
			path = Extension;
			sourceTree = "<group>";
		};
		9685070E28DD9A3D00387334 /* CusomFont */ = {
			isa = PBXGroup;
			children = (
				9685070A28DD9A3000387334 /* NanumGothic-Bold.ttf */,
				9685070828DD9A3000387334 /* NanumGothic-ExtraBold.ttf */,
				9685070928DD9A3000387334 /* NanumGothic-Regular.ttf */,
			);
			path = CusomFont;
			sourceTree = "<group>";
		};
		9685071E28DDCC4000387334 /* CollectionViewReuseView */ = {
			isa = PBXGroup;
			children = (
				9685072828DF19AA00387334 /* ProfileCell */,
				9685072528DE05A900387334 /* ReviewCell */,
			);
			path = CollectionViewReuseView;
			sourceTree = "<group>";
		};
		9685072528DE05A900387334 /* ReviewCell */ = {
			isa = PBXGroup;
			children = (
				9685071428DDA55A00387334 /* ReviewCell.swift */,
				9685071828DDC20E00387334 /* ReviewCollectionViewHeader.swift */,
				9685071F28DDCC7C00387334 /* ReviewCellTitleView.swift */,
				9685072628DE0B6E00387334 /* HBDActionView.swift */,
			);
			path = ReviewCell;
			sourceTree = "<group>";
		};
		9685072828DF19AA00387334 /* ProfileCell */ = {
			isa = PBXGroup;
			children = (
				9685072128DDD59600387334 /* ProfileCell.swift */,
				968506F928DD8BD000387334 /* ProfileView.swift */,
				968506FC28DD8D5B00387334 /* ProfileImageView.swift */,
			);
			path = ProfileCell;
			sourceTree = "<group>";
		};
		9685072928DF1B2900387334 /* ViewController */ = {
			isa = PBXGroup;
			children = (
				965A847B28DC9F7E001AA1EF /* ViewController.swift */,
			);
			path = ViewController;
			sourceTree = "<group>";
		};
		9685072C28DF1CE200387334 /* Model */ = {
			isa = PBXGroup;
			children = (
				9685072D28DF1CF100387334 /* ProfileModel.swift */,
				9685072F28E073A300387334 /* ReviewModel.swift */,
			);
			path = Model;
			sourceTree = "<group>";
		};
/* End PBXGroup section */

/* Begin PBXNativeTarget section */
		965A847328DC9F7E001AA1EF /* ReviewList */ = {
			isa = PBXNativeTarget;
			buildConfigurationList = 965A848828DC9F7F001AA1EF /* Build configuration list for PBXNativeTarget "ReviewList" */;
			buildPhases = (
				965A847028DC9F7E001AA1EF /* Sources */,
				965A847128DC9F7E001AA1EF /* Frameworks */,
				965A847228DC9F7E001AA1EF /* Resources */,
			);
			buildRules = (
			);
			dependencies = (
			);
			name = ReviewList;
			packageProductDependencies = (
				9685070228DD922D00387334 /* SnapKit */,
			);
			productName = ReviewList;
			productReference = 965A847428DC9F7E001AA1EF /* ReviewList.app */;
			productType = "com.apple.product-type.application";
		};
/* End PBXNativeTarget section */

/* Begin PBXProject section */
		965A846C28DC9F7E001AA1EF /* Project object */ = {
			isa = PBXProject;
			attributes = {
				BuildIndependentTargetsInParallel = 1;
				LastSwiftUpdateCheck = 1340;
				LastUpgradeCheck = 1340;
				TargetAttributes = {
					965A847328DC9F7E001AA1EF = {
						CreatedOnToolsVersion = 13.4.1;
					};
				};
			};
			buildConfigurationList = 965A846F28DC9F7E001AA1EF /* Build configuration list for PBXProject "ReviewList" */;
			compatibilityVersion = "Xcode 13.0";
			developmentRegion = en;
			hasScannedForEncodings = 0;
			knownRegions = (
				en,
				Base,
			);
			mainGroup = 965A846B28DC9F7E001AA1EF;
			packageReferences = (
				9685070128DD922D00387334 /* XCRemoteSwiftPackageReference "SnapKit" */,
			);
			productRefGroup = 965A847528DC9F7E001AA1EF /* Products */;
			projectDirPath = "";
			projectRoot = "";
			targets = (
				965A847328DC9F7E001AA1EF /* ReviewList */,
			);
		};
/* End PBXProject section */

/* Begin PBXResourcesBuildPhase section */
		965A847228DC9F7E001AA1EF /* Resources */ = {
			isa = PBXResourcesBuildPhase;
			buildActionMask = 2147483647;
			files = (
				9685070B28DD9A3000387334 /* NanumGothic-ExtraBold.ttf in Resources */,
				965A848428DC9F7F001AA1EF /* LaunchScreen.storyboard in Resources */,
				965A848128DC9F7F001AA1EF /* Assets.xcassets in Resources */,
				9685070C28DD9A3000387334 /* NanumGothic-Regular.ttf in Resources */,
				9685070D28DD9A3000387334 /* NanumGothic-Bold.ttf in Resources */,
			);
			runOnlyForDeploymentPostprocessing = 0;
		};
/* End PBXResourcesBuildPhase section */

/* Begin PBXSourcesBuildPhase section */
		965A847028DC9F7E001AA1EF /* Sources */ = {
			isa = PBXSourcesBuildPhase;
			buildActionMask = 2147483647;
			files = (
				9685070028DD8FA300387334 /* UILabel-ext.swift in Sources */,
				9685072028DDCC7C00387334 /* ReviewCellTitleView.swift in Sources */,
				9685071528DDA55B00387334 /* ReviewCell.swift in Sources */,
				9685071728DDAD8100387334 /* UICollectionViewCell-ext.swift in Sources */,
				9685072E28DF1CF100387334 /* ProfileModel.swift in Sources */,
				968506FA28DD8BD000387334 /* ProfileView.swift in Sources */,
				9685070528DD981F00387334 /* UIButton-ext.swift in Sources */,
				9685071D28DDCA7D00387334 /* UIImage-ext.swift in Sources */,
				9685071328DD9FAB00387334 /* AverageStarRatingView.swift in Sources */,
				965A847C28DC9F7E001AA1EF /* ViewController.swift in Sources */,
				968506FD28DD8D5B00387334 /* ProfileImageView.swift in Sources */,
				9685072728DE0B6E00387334 /* HBDActionView.swift in Sources */,
				965A847828DC9F7E001AA1EF /* AppDelegate.swift in Sources */,
				9685071B28DDC42300387334 /* UIColor-ext.swift in Sources */,
				965A847A28DC9F7E001AA1EF /* SceneDelegate.swift in Sources */,
				9685073028E073A300387334 /* ReviewModel.swift in Sources */,
				9685072228DDD59600387334 /* ProfileCell.swift in Sources */,
				9685071928DDC20E00387334 /* ReviewCollectionViewHeader.swift in Sources */,
				9685071128DD9EAE00387334 /* SeparatorLine.swift in Sources */,
				9685072B28DF1C6800387334 /* Int-ext.swift in Sources */,
			);
			runOnlyForDeploymentPostprocessing = 0;
		};
/* End PBXSourcesBuildPhase section */

/* Begin PBXVariantGroup section */
		965A848228DC9F7F001AA1EF /* LaunchScreen.storyboard */ = {
			isa = PBXVariantGroup;
			children = (
				965A848328DC9F7F001AA1EF /* Base */,
			);
			name = LaunchScreen.storyboard;
			sourceTree = "<group>";
		};
/* End PBXVariantGroup section */

/* Begin XCBuildConfiguration section */
		965A848628DC9F7F001AA1EF /* Debug */ = {
			isa = XCBuildConfiguration;
			buildSettings = {
				ALWAYS_SEARCH_USER_PATHS = NO;
				CLANG_ANALYZER_NONNULL = YES;
				CLANG_ANALYZER_NUMBER_OBJECT_CONVERSION = YES_AGGRESSIVE;
				CLANG_CXX_LANGUAGE_STANDARD = "gnu++17";
				CLANG_ENABLE_MODULES = YES;
				CLANG_ENABLE_OBJC_ARC = YES;
				CLANG_ENABLE_OBJC_WEAK = YES;
				CLANG_WARN_BLOCK_CAPTURE_AUTORELEASING = YES;
				CLANG_WARN_BOOL_CONVERSION = YES;
				CLANG_WARN_COMMA = YES;
				CLANG_WARN_CONSTANT_CONVERSION = YES;
				CLANG_WARN_DEPRECATED_OBJC_IMPLEMENTATIONS = YES;
				CLANG_WARN_DIRECT_OBJC_ISA_USAGE = YES_ERROR;
				CLANG_WARN_DOCUMENTATION_COMMENTS = YES;
				CLANG_WARN_EMPTY_BODY = YES;
				CLANG_WARN_ENUM_CONVERSION = YES;
				CLANG_WARN_INFINITE_RECURSION = YES;
				CLANG_WARN_INT_CONVERSION = YES;
				CLANG_WARN_NON_LITERAL_NULL_CONVERSION = YES;
				CLANG_WARN_OBJC_IMPLICIT_RETAIN_SELF = YES;
				CLANG_WARN_OBJC_LITERAL_CONVERSION = YES;
				CLANG_WARN_OBJC_ROOT_CLASS = YES_ERROR;
				CLANG_WARN_QUOTED_INCLUDE_IN_FRAMEWORK_HEADER = YES;
				CLANG_WARN_RANGE_LOOP_ANALYSIS = YES;
				CLANG_WARN_STRICT_PROTOTYPES = YES;
				CLANG_WARN_SUSPICIOUS_MOVE = YES;
				CLANG_WARN_UNGUARDED_AVAILABILITY = YES_AGGRESSIVE;
				CLANG_WARN_UNREACHABLE_CODE = YES;
				CLANG_WARN__DUPLICATE_METHOD_MATCH = YES;
				COPY_PHASE_STRIP = NO;
				DEBUG_INFORMATION_FORMAT = dwarf;
				ENABLE_STRICT_OBJC_MSGSEND = YES;
				ENABLE_TESTABILITY = YES;
				GCC_C_LANGUAGE_STANDARD = gnu11;
				GCC_DYNAMIC_NO_PIC = NO;
				GCC_NO_COMMON_BLOCKS = YES;
				GCC_OPTIMIZATION_LEVEL = 0;
				GCC_PREPROCESSOR_DEFINITIONS = (
					"DEBUG=1",
					"$(inherited)",
				);
				GCC_WARN_64_TO_32_BIT_CONVERSION = YES;
				GCC_WARN_ABOUT_RETURN_TYPE = YES_ERROR;
				GCC_WARN_UNDECLARED_SELECTOR = YES;
				GCC_WARN_UNINITIALIZED_AUTOS = YES_AGGRESSIVE;
				GCC_WARN_UNUSED_FUNCTION = YES;
				GCC_WARN_UNUSED_VARIABLE = YES;
				IPHONEOS_DEPLOYMENT_TARGET = 15.5;
				MTL_ENABLE_DEBUG_INFO = INCLUDE_SOURCE;
				MTL_FAST_MATH = YES;
				ONLY_ACTIVE_ARCH = YES;
				SDKROOT = iphoneos;
				SWIFT_ACTIVE_COMPILATION_CONDITIONS = DEBUG;
				SWIFT_OPTIMIZATION_LEVEL = "-Onone";
			};
			name = Debug;
		};
		965A848728DC9F7F001AA1EF /* Release */ = {
			isa = XCBuildConfiguration;
			buildSettings = {
				ALWAYS_SEARCH_USER_PATHS = NO;
				CLANG_ANALYZER_NONNULL = YES;
				CLANG_ANALYZER_NUMBER_OBJECT_CONVERSION = YES_AGGRESSIVE;
				CLANG_CXX_LANGUAGE_STANDARD = "gnu++17";
				CLANG_ENABLE_MODULES = YES;
				CLANG_ENABLE_OBJC_ARC = YES;
				CLANG_ENABLE_OBJC_WEAK = YES;
				CLANG_WARN_BLOCK_CAPTURE_AUTORELEASING = YES;
				CLANG_WARN_BOOL_CONVERSION = YES;
				CLANG_WARN_COMMA = YES;
				CLANG_WARN_CONSTANT_CONVERSION = YES;
				CLANG_WARN_DEPRECATED_OBJC_IMPLEMENTATIONS = YES;
				CLANG_WARN_DIRECT_OBJC_ISA_USAGE = YES_ERROR;
				CLANG_WARN_DOCUMENTATION_COMMENTS = YES;
				CLANG_WARN_EMPTY_BODY = YES;
				CLANG_WARN_ENUM_CONVERSION = YES;
				CLANG_WARN_INFINITE_RECURSION = YES;
				CLANG_WARN_INT_CONVERSION = YES;
				CLANG_WARN_NON_LITERAL_NULL_CONVERSION = YES;
				CLANG_WARN_OBJC_IMPLICIT_RETAIN_SELF = YES;
				CLANG_WARN_OBJC_LITERAL_CONVERSION = YES;
				CLANG_WARN_OBJC_ROOT_CLASS = YES_ERROR;
				CLANG_WARN_QUOTED_INCLUDE_IN_FRAMEWORK_HEADER = YES;
				CLANG_WARN_RANGE_LOOP_ANALYSIS = YES;
				CLANG_WARN_STRICT_PROTOTYPES = YES;
				CLANG_WARN_SUSPICIOUS_MOVE = YES;
				CLANG_WARN_UNGUARDED_AVAILABILITY = YES_AGGRESSIVE;
				CLANG_WARN_UNREACHABLE_CODE = YES;
				CLANG_WARN__DUPLICATE_METHOD_MATCH = YES;
				COPY_PHASE_STRIP = NO;
				DEBUG_INFORMATION_FORMAT = "dwarf-with-dsym";
				ENABLE_NS_ASSERTIONS = NO;
				ENABLE_STRICT_OBJC_MSGSEND = YES;
				GCC_C_LANGUAGE_STANDARD = gnu11;
				GCC_NO_COMMON_BLOCKS = YES;
				GCC_WARN_64_TO_32_BIT_CONVERSION = YES;
				GCC_WARN_ABOUT_RETURN_TYPE = YES_ERROR;
				GCC_WARN_UNDECLARED_SELECTOR = YES;
				GCC_WARN_UNINITIALIZED_AUTOS = YES_AGGRESSIVE;
				GCC_WARN_UNUSED_FUNCTION = YES;
				GCC_WARN_UNUSED_VARIABLE = YES;
				IPHONEOS_DEPLOYMENT_TARGET = 15.5;
				MTL_ENABLE_DEBUG_INFO = NO;
				MTL_FAST_MATH = YES;
				SDKROOT = iphoneos;
				SWIFT_COMPILATION_MODE = wholemodule;
				SWIFT_OPTIMIZATION_LEVEL = "-O";
				VALIDATE_PRODUCT = YES;
			};
			name = Release;
		};
		965A848928DC9F7F001AA1EF /* Debug */ = {
			isa = XCBuildConfiguration;
			buildSettings = {
				ASSETCATALOG_COMPILER_APPICON_NAME = AppIcon;
				ASSETCATALOG_COMPILER_GLOBAL_ACCENT_COLOR_NAME = AccentColor;
				CODE_SIGN_STYLE = Automatic;
				CURRENT_PROJECT_VERSION = 1;
				DEVELOPMENT_TEAM = 2JZ8QNS5D4;
				GENERATE_INFOPLIST_FILE = YES;
				INFOPLIST_FILE = ReviewList/Info.plist;
				INFOPLIST_KEY_UIApplicationSupportsIndirectInputEvents = YES;
				INFOPLIST_KEY_UILaunchStoryboardName = LaunchScreen;
				INFOPLIST_KEY_UISupportedInterfaceOrientations_iPad = "UIInterfaceOrientationPortrait UIInterfaceOrientationPortraitUpsideDown UIInterfaceOrientationLandscapeLeft UIInterfaceOrientationLandscapeRight";
				INFOPLIST_KEY_UISupportedInterfaceOrientations_iPhone = "UIInterfaceOrientationPortrait UIInterfaceOrientationLandscapeLeft UIInterfaceOrientationLandscapeRight";
				LD_RUNPATH_SEARCH_PATHS = (
					"$(inherited)",
					"@executable_path/Frameworks",
				);
				MARKETING_VERSION = 1.0;
				PRODUCT_BUNDLE_IDENTIFIER = bage.ReviewList;
				PRODUCT_NAME = "$(TARGET_NAME)";
				SWIFT_EMIT_LOC_STRINGS = YES;
				SWIFT_VERSION = 5.0;
				TARGETED_DEVICE_FAMILY = "1,2";
			};
			name = Debug;
		};
		965A848A28DC9F7F001AA1EF /* Release */ = {
			isa = XCBuildConfiguration;
			buildSettings = {
				ASSETCATALOG_COMPILER_APPICON_NAME = AppIcon;
				ASSETCATALOG_COMPILER_GLOBAL_ACCENT_COLOR_NAME = AccentColor;
				CODE_SIGN_STYLE = Automatic;
				CURRENT_PROJECT_VERSION = 1;
				DEVELOPMENT_TEAM = 2JZ8QNS5D4;
				GENERATE_INFOPLIST_FILE = YES;
				INFOPLIST_FILE = ReviewList/Info.plist;
				INFOPLIST_KEY_UIApplicationSupportsIndirectInputEvents = YES;
				INFOPLIST_KEY_UILaunchStoryboardName = LaunchScreen;
				INFOPLIST_KEY_UISupportedInterfaceOrientations_iPad = "UIInterfaceOrientationPortrait UIInterfaceOrientationPortraitUpsideDown UIInterfaceOrientationLandscapeLeft UIInterfaceOrientationLandscapeRight";
				INFOPLIST_KEY_UISupportedInterfaceOrientations_iPhone = "UIInterfaceOrientationPortrait UIInterfaceOrientationLandscapeLeft UIInterfaceOrientationLandscapeRight";
				LD_RUNPATH_SEARCH_PATHS = (
					"$(inherited)",
					"@executable_path/Frameworks",
				);
				MARKETING_VERSION = 1.0;
				PRODUCT_BUNDLE_IDENTIFIER = bage.ReviewList;
				PRODUCT_NAME = "$(TARGET_NAME)";
				SWIFT_EMIT_LOC_STRINGS = YES;
				SWIFT_VERSION = 5.0;
				TARGETED_DEVICE_FAMILY = "1,2";
			};
			name = Release;
		};
/* End XCBuildConfiguration section */

/* Begin XCConfigurationList section */
		965A846F28DC9F7E001AA1EF /* Build configuration list for PBXProject "ReviewList" */ = {
			isa = XCConfigurationList;
			buildConfigurations = (
				965A848628DC9F7F001AA1EF /* Debug */,
				965A848728DC9F7F001AA1EF /* Release */,
			);
			defaultConfigurationIsVisible = 0;
			defaultConfigurationName = Release;
		};
		965A848828DC9F7F001AA1EF /* Build configuration list for PBXNativeTarget "ReviewList" */ = {
			isa = XCConfigurationList;
			buildConfigurations = (
				965A848928DC9F7F001AA1EF /* Debug */,
				965A848A28DC9F7F001AA1EF /* Release */,
			);
			defaultConfigurationIsVisible = 0;
			defaultConfigurationName = Release;
		};
/* End XCConfigurationList section */

/* Begin XCRemoteSwiftPackageReference section */
		9685070128DD922D00387334 /* XCRemoteSwiftPackageReference "SnapKit" */ = {
			isa = XCRemoteSwiftPackageReference;
			repositoryURL = "https://github.com/SnapKit/SnapKit.git";
			requirement = {
				branch = develop;
				kind = branch;
			};
		};
/* End XCRemoteSwiftPackageReference section */

/* Begin XCSwiftPackageProductDependency section */
		9685070228DD922D00387334 /* SnapKit */ = {
			isa = XCSwiftPackageProductDependency;
			package = 9685070128DD922D00387334 /* XCRemoteSwiftPackageReference "SnapKit" */;
			productName = SnapKit;
		};
/* End XCSwiftPackageProductDependency section */
	};
	rootObject = 965A846C28DC9F7E001AA1EF /* Project object */;
}
